# THIS IS AN AUTOGENERATED FILE. DO NOT EDIT THIS FILE DIRECTLY.
# yarn lockfile v1


commander@2, commander@^2.9.0:
  version "2.9.0"
  resolved "https://registry.yarnpkg.com/commander/-/commander-2.9.0.tgz#9c99094176e12240cb22d6c5146098400fe0f7d4"
  dependencies:
    graceful-readlink ">= 1.0.0"

d3-array@1, d3-array@1.1.1:
  version "1.1.1"
  resolved "https://registry.yarnpkg.com/d3-array/-/d3-array-1.1.1.tgz#a01abe63a25ffb91d3423c3c6d051b4d36bc8a09"

d3-axis@1.0.6:
  version "1.0.6"
  resolved "https://registry.yarnpkg.com/d3-axis/-/d3-axis-1.0.6.tgz#dccbc21a73e5786de820bf1a22b237f522b878be"

d3-brush@1.0.4:
  version "1.0.4"
  resolved "https://registry.yarnpkg.com/d3-brush/-/d3-brush-1.0.4.tgz#00c2f238019f24f6c0a194a26d41a1530ffe7bc4"
  dependencies:
    d3-dispatch "1"
    d3-drag "1"
    d3-interpolate "1"
    d3-selection "1"
    d3-transition "1"

d3-chord@1.0.4:
  version "1.0.4"
  resolved "https://registry.yarnpkg.com/d3-chord/-/d3-chord-1.0.4.tgz#7dec4f0ba886f713fe111c45f763414f6f74ca2c"
  dependencies:
    d3-array "1"
    d3-path "1"

d3-collection@1, d3-collection@1.0.3:
  version "1.0.3"
  resolved "https://registry.yarnpkg.com/d3-collection/-/d3-collection-1.0.3.tgz#00bdea94fbc1628d435abbae2f4dc2164e37dd34"

d3-color@1, d3-color@1.0.3:
  version "1.0.3"
  resolved "https://registry.yarnpkg.com/d3-color/-/d3-color-1.0.3.tgz#bc7643fca8e53a8347e2fbdaffa236796b58509b"

d3-dispatch@1, d3-dispatch@1.0.3:
  version "1.0.3"
  resolved "https://registry.yarnpkg.com/d3-dispatch/-/d3-dispatch-1.0.3.tgz#46e1491eaa9b58c358fce5be4e8bed626e7871f8"

d3-drag@1, d3-drag@1.0.4:
  version "1.0.4"
  resolved "https://registry.yarnpkg.com/d3-drag/-/d3-drag-1.0.4.tgz#a9c1609f11dd5530ae275ebd64377ec54efb9d8f"
  dependencies:
    d3-dispatch "1"
    d3-selection "1"

d3-dsv@1, d3-dsv@1.0.5:
  version "1.0.5"
  resolved "https://registry.yarnpkg.com/d3-dsv/-/d3-dsv-1.0.5.tgz#419f7db47f628789fc3fdb636e678449d0821136"
  dependencies:
    commander "2"
    iconv-lite "0.4"
    rw "1"

d3-ease@1, d3-ease@1.0.3:
  version "1.0.3"
  resolved "https://registry.yarnpkg.com/d3-ease/-/d3-ease-1.0.3.tgz#68bfbc349338a380c44d8acc4fbc3304aa2d8c0e"

d3-force@1.0.6:
  version "1.0.6"
  resolved "https://registry.yarnpkg.com/d3-force/-/d3-force-1.0.6.tgz#ea7e1b7730e2664cd314f594d6718c57cc132b79"
  dependencies:
    d3-collection "1"
    d3-dispatch "1"
    d3-quadtree "1"
    d3-timer "1"

d3-format@1, d3-format@1.1.1:
  version "1.1.1"
  resolved "https://registry.yarnpkg.com/d3-format/-/d3-format-1.1.1.tgz#26e094e7b0fa925d3615aa6f43b265c5ca82b46e"

d3-geo@1.6.3:
  version "1.6.3"
  resolved "https://registry.yarnpkg.com/d3-geo/-/d3-geo-1.6.3.tgz#21683a43a061eaba21a7f254b51d5937eb640756"
  dependencies:
    d3-array "1"

d3-hierarchy@1.1.4:
  version "1.1.4"
  resolved "https://registry.yarnpkg.com/d3-hierarchy/-/d3-hierarchy-1.1.4.tgz#96c3942f3f21cf997a11b4edf00dde2a77b4c6d0"

d3-interpolate@1, d3-interpolate@1.1.4:
  version "1.1.4"
  resolved "https://registry.yarnpkg.com/d3-interpolate/-/d3-interpolate-1.1.4.tgz#a43ec5b3bee350d8516efdf819a4c08c053db302"
  dependencies:
    d3-color "1"

d3-path@1, d3-path@1.0.5:
  version "1.0.5"
  resolved "https://registry.yarnpkg.com/d3-path/-/d3-path-1.0.5.tgz#241eb1849bd9e9e8021c0d0a799f8a0e8e441764"

d3-polygon@1.0.3:
  version "1.0.3"
  resolved "https://registry.yarnpkg.com/d3-polygon/-/d3-polygon-1.0.3.tgz#16888e9026460933f2b179652ad378224d382c62"

d3-quadtree@1, d3-quadtree@1.0.3:
  version "1.0.3"
  resolved "https://registry.yarnpkg.com/d3-quadtree/-/d3-quadtree-1.0.3.tgz#ac7987e3e23fe805a990f28e1b50d38fcb822438"

d3-queue@3.0.5:
  version "3.0.5"
  resolved "https://registry.yarnpkg.com/d3-queue/-/d3-queue-3.0.5.tgz#0ceffe1f131c459b13b9f69f1056b41dfc33c00d"

d3-random@1.0.3:
  version "1.0.3"
  resolved "https://registry.yarnpkg.com/d3-random/-/d3-random-1.0.3.tgz#6526c844aa5e7c457e29ddacd6f2734f845b42c1"

d3-request@1.0.5:
  version "1.0.5"
  resolved "https://registry.yarnpkg.com/d3-request/-/d3-request-1.0.5.tgz#4daae946d1dd0d57dfe01f022956354958d51f23"
  dependencies:
    d3-collection "1"
    d3-dispatch "1"
    d3-dsv "1"
    xmlhttprequest "1"

d3-scale@1.0.5:
  version "1.0.5"
  resolved "https://registry.yarnpkg.com/d3-scale/-/d3-scale-1.0.5.tgz#418506f0fb18eb052b385e196398acc2a4134858"
  dependencies:
    d3-array "1"
    d3-collection "1"
    d3-color "1"
    d3-format "1"
    d3-interpolate "1"
    d3-time "1"
    d3-time-format "2"

d3-selection@1, d3-selection@1.0.5:
  version "1.0.5"
  resolved "https://registry.yarnpkg.com/d3-selection/-/d3-selection-1.0.5.tgz#948c73b41a44e28d1742ae2ff207c2aebca2734b"

d3-shape@1.0.6:
  version "1.0.6"
  resolved "https://registry.yarnpkg.com/d3-shape/-/d3-shape-1.0.6.tgz#b09e305cf0c7c6b9a98c90e6b42f62dac4bcfd5b"
  dependencies:
    d3-path "1"

d3-swoopy-drag@^0.0.3:
  version "0.0.3"
  resolved "https://registry.yarnpkg.com/d3-swoopy-drag/-/d3-swoopy-drag-0.0.3.tgz#0a85b6ac1b8a3ba4bae4ecec9b96f7ac11b0fb2c"
  dependencies:
    d3 "4"

d3-time-format@2, d3-time-format@2.0.5, d3-time-format@^2.0.3:
  version "2.0.5"
  resolved "https://registry.yarnpkg.com/d3-time-format/-/d3-time-format-2.0.5.tgz#9d7780204f7c9119c9170b1a56db4de9a8af972e"
  dependencies:
    d3-time "1"

d3-time@1, d3-time@1.0.6:
  version "1.0.6"
  resolved "https://registry.yarnpkg.com/d3-time/-/d3-time-1.0.6.tgz#a55b13d7d15d3a160ae91708232e0835f1d5e945"

d3-timer@1, d3-timer@1.0.5:
  version "1.0.5"
  resolved "https://registry.yarnpkg.com/d3-timer/-/d3-timer-1.0.5.tgz#b266d476c71b0d269e7ac5f352b410a3b6fe6ef0"

d3-tip@^0.7.1:
  version "0.7.1"
  resolved "https://registry.yarnpkg.com/d3-tip/-/d3-tip-0.7.1.tgz#78cbf554f67b720a70e3b0f191e14cffe68cdd79"
  dependencies:
    d3 "^4.2"

d3-transition@1, d3-transition@1.0.4:
  version "1.0.4"
  resolved "https://registry.yarnpkg.com/d3-transition/-/d3-transition-1.0.4.tgz#e1a9ebae3869a9d9c2874ab00841fa8313ae5de5"
  dependencies:
    d3-color "1"
    d3-dispatch "1"
    d3-ease "1"
    d3-interpolate "1"
    d3-selection "1"
    d3-timer "1"

d3-voronoi@1.1.2:
  version "1.1.2"
  resolved "https://registry.yarnpkg.com/d3-voronoi/-/d3-voronoi-1.1.2.tgz#1687667e8f13a2d158c80c1480c5a29cb0d8973c"

d3-zoom@1.1.3:
  version "1.1.3"
  resolved "https://registry.yarnpkg.com/d3-zoom/-/d3-zoom-1.1.3.tgz#0bd488622f22dc0534894f744a40ec979599fdc4"
  dependencies:
    d3-dispatch "1"
    d3-drag "1"
    d3-interpolate "1"
    d3-selection "1"
    d3-transition "1"

d3@4, d3@^4.2, d3@^4.7.1:
  version "4.7.3"
  resolved "https://registry.yarnpkg.com/d3/-/d3-4.7.3.tgz#1bc7b0282b41d97642bdb673372c88e81ecca4a3"
  dependencies:
    d3-array "1.1.1"
    d3-axis "1.0.6"
    d3-brush "1.0.4"
    d3-chord "1.0.4"
    d3-collection "1.0.3"
    d3-color "1.0.3"
    d3-dispatch "1.0.3"
    d3-drag "1.0.4"
    d3-dsv "1.0.5"
    d3-ease "1.0.3"
    d3-force "1.0.6"
    d3-format "1.1.1"
    d3-geo "1.6.3"
    d3-hierarchy "1.1.4"
    d3-interpolate "1.1.4"
    d3-path "1.0.5"
    d3-polygon "1.0.3"
    d3-quadtree "1.0.3"
    d3-queue "3.0.5"
    d3-random "1.0.3"
    d3-request "1.0.5"
    d3-scale "1.0.5"
    d3-selection "1.0.5"
    d3-shape "1.0.6"
    d3-time "1.0.6"
    d3-time-format "2.0.5"
    d3-timer "1.0.5"
    d3-transition "1.0.4"
    d3-voronoi "1.1.2"
    d3-zoom "1.1.3"

distill-template@^1.0.1:
  version "1.0.1"
  resolved "https://registry.yarnpkg.com/distill-template/-/distill-template-1.0.1.tgz#3e85cbf72b65bc4af59842ec4d40ca011c7a5bbb"
  dependencies:
    commander "^2.9.0"
    d3-time-format "^2.0.3"
    html-escape "^2.0.0"
    mustache "^2.3.0"

"graceful-readlink@>= 1.0.0":
  version "1.0.1"
  resolved "https://registry.yarnpkg.com/graceful-readlink/-/graceful-readlink-1.0.1.tgz#4cafad76bc62f02fa039b2f94e9a3dd3a391a725"

html-escape@^2.0.0:
  version "2.0.0"
  resolved "https://registry.yarnpkg.com/html-escape/-/html-escape-2.0.0.tgz#60c8ddd465edf0cae02af9e99fdf5f883b09be49"

iconv-lite@0.4:
  version "0.4.15"
  resolved "https://registry.yarnpkg.com/iconv-lite/-/iconv-lite-0.4.15.tgz#fe265a218ac6a57cfe854927e9d04c19825eddeb"

mustache@^2.3.0:
  version "2.3.0"
  resolved "https://registry.yarnpkg.com/mustache/-/mustache-2.3.0.tgz#4028f7778b17708a489930a6e52ac3bca0da41d0"

numeric@^1.2.6:
  version "1.2.6"
  resolved "https://registry.yarnpkg.com/numeric/-/numeric-1.2.6.tgz#765b02bef97988fcf880d4eb3f36b80fa31335aa"

rw@1:
  version "1.3.3"
  resolved "https://registry.yarnpkg.com/rw/-/rw-1.3.3.tgz#3f862dfa91ab766b14885ef4d01124bfda074fb4"

xmlhttprequest@1:
  version "1.8.0"
  resolved "https://registry.yarnpkg.com/xmlhttprequest/-/xmlhttprequest-1.8.0.tgz#67fe075c5c24fef39f9d65f5f7b7fe75171968fc"
